lockfileVersion: '9.0'

settings:
  autoInstallPeers: true
  excludeLinksFromLockfile: false

importers:

  .:
    dependencies:
      nextjs:
        specifier: ^0.0.3
        version: 0.0.3
      pnpm:
        specifier: ^11.8.0
        version: 11.8.0

packages:

  nextjs@0.0.3:
    resolution: {integrity: sha512-mYbDUo4/sRAZ8TqK63PCpYnFiLg7BICG/ot9+guOrUKd4/Fo71ZmEQ41IZbH6nqbQvG7SXTBuofJXAIWfNho0w==}
    engines: {node: '>=0.8.21'}

  pnpm@11.8.0:
    resolution: {integrity: sha512-wfXnxMskHI8XS3Q4UdgvQrgCMkr8iw8Ra5atsVqgZmSUjd42lgo7oQebpbSyndAUATW5S1tfUmNZIknWjlVfJg==}
    engines: {node: '>=22.13'}
    hasBin: true

snapshots:

  nextjs@0.0.3: {}

  pnpm@11.8.0: {}
